// !$*UTF8*$!
{
	archiveVersion = 1;
	classes = {
	};
	objectVersion = 56;
	objects = {

/* Begin PBXBuildFile section */
		770659122ADFA02C001DF16B /* AppDelegate.swift in Sources */ = {isa = PBXBuildFile; fileRef = 770659112ADFA02C001DF16B /* AppDelegate.swift */; };
		770659142ADFA02C001DF16B /* SceneDelegate.swift in Sources */ = {isa = PBXBuildFile; fileRef = 770659132ADFA02C001DF16B /* SceneDelegate.swift */; };
		770659162ADFA02C001DF16B /* ViewController.swift in Sources */ = {isa = PBXBuildFile; fileRef = 770659152ADFA02C001DF16B /* ViewController.swift */; };
		770659192ADFA02C001DF16B /* Main.storyboard in Resources */ = {isa = PBXBuildFile; fileRef = 770659172ADFA02C001DF16B /* Main.storyboard */; };
		7706591B2ADFA02D001DF16B /* Assets.xcassets in Resources */ = {isa = PBXBuildFile; fileRef = 7706591A2ADFA02D001DF16B /* Assets.xcassets */; };
		7706591E2ADFA02D001DF16B /* LaunchScreen.storyboard in Resources */ = {isa = PBXBuildFile; fileRef = 7706591C2ADFA02D001DF16B /* LaunchScreen.storyboard */; };
		7706592B2ADFA76E001DF16B /* WidgetKit.framework in Frameworks */ = {isa = PBXBuildFile; fileRef = 7706592A2ADFA76E001DF16B /* WidgetKit.framework */; };
		7706592D2ADFA76E001DF16B /* SwiftUI.framework in Frameworks */ = {isa = PBXBuildFile; fileRef = 7706592C2ADFA76E001DF16B /* SwiftUI.framework */; };
		770659302ADFA76E001DF16B /* UserInteractionWidgetTestBundle.swift in Sources */ = {isa = PBXBuildFile; fileRef = 7706592F2ADFA76E001DF16B /* UserInteractionWidgetTestBundle.swift */; };
		770659322ADFA76E001DF16B /* UserInteractionWidgetTestLiveActivity.swift in Sources */ = {isa = PBXBuildFile; fileRef = 770659312ADFA76E001DF16B /* UserInteractionWidgetTestLiveActivity.swift */; };
		770659342ADFA76E001DF16B /* UserInteractionWidgetTest.swift in Sources */ = {isa = PBXBuildFile; fileRef = 770659332ADFA76E001DF16B /* UserInteractionWidgetTest.swift */; };
		770659372ADFA770001DF16B /* Assets.xcassets in Resources */ = {isa = PBXBuildFile; fileRef = 770659362ADFA770001DF16B /* Assets.xcassets */; };
		770659392ADFA770001DF16B /* UserInteractionWidgetTest.intentdefinition in Sources */ = {isa = PBXBuildFile; fileRef = 770659352ADFA76E001DF16B /* UserInteractionWidgetTest.intentdefinition */; };
		7706593A2ADFA770001DF16B /* UserInteractionWidgetTest.intentdefinition in Sources */ = {isa = PBXBuildFile; fileRef = 770659352ADFA76E001DF16B /* UserInteractionWidgetTest.intentdefinition */; };
		7706593D2ADFA770001DF16B /* UserInteractionWidgetTestExtension.appex in Embed Foundation Extensions */ = {isa = PBXBuildFile; fileRef = 770659292ADFA76E001DF16B /* UserInteractionWidgetTestExtension.appex */; settings = {ATTRIBUTES = (RemoveHeadersOnCopy, ); }; };
		770659482ADFBBC3001DF16B /* Intents.framework in Frameworks */ = {isa = PBXBuildFile; fileRef = 770659472ADFBBC3001DF16B /* Intents.framework */; };
		7706594B2ADFBBC3001DF16B /* IntentHandler.swift in Sources */ = {isa = PBXBuildFile; fileRef = 7706594A2ADFBBC3001DF16B /* IntentHandler.swift */; };
		7706594F2ADFBBC3001DF16B /* UserInteractionWidgetIntents.appex in Embed Foundation Extensions */ = {isa = PBXBuildFile; fileRef = 770659462ADFBBC3001DF16B /* UserInteractionWidgetIntents.appex */; settings = {ATTRIBUTES = (RemoveHeadersOnCopy, ); }; };
		770659532ADFBBF4001DF16B /* UserInteractionWidgetTest.intentdefinition in Sources */ = {isa = PBXBuildFile; fileRef = 770659352ADFA76E001DF16B /* UserInteractionWidgetTest.intentdefinition */; };
		770659542ADFC037001DF16B /* IntentHandler.swift in Sources */ = {isa = PBXBuildFile; fileRef = 7706594A2ADFBBC3001DF16B /* IntentHandler.swift */; };
		DFC760719AA4BD7B9398EC85 /* Pods_UserInteractiveWidget.framework in Frameworks */ = {isa = PBXBuildFile; fileRef = 4D8753BA786A4359D2010598 /* Pods_UserInteractiveWidget.framework */; };
/* End PBXBuildFile section */

/* Begin PBXContainerItemProxy section */
		7706593B2ADFA770001DF16B /* PBXContainerItemProxy */ = {
			isa = PBXContainerItemProxy;
			containerPortal = 770659062ADFA02B001DF16B /* Project object */;
			proxyType = 1;
			remoteGlobalIDString = 770659282ADFA76E001DF16B;
			remoteInfo = UserInteractionWidgetTestExtension;
		};
		7706594D2ADFBBC3001DF16B /* PBXContainerItemProxy */ = {
			isa = PBXContainerItemProxy;
			containerPortal = 770659062ADFA02B001DF16B /* Project object */;
			proxyType = 1;
			remoteGlobalIDString = 770659452ADFBBC3001DF16B;
			remoteInfo = UserInteractionWidgetIntents;
		};
/* End PBXContainerItemProxy section */

/* Begin PBXCopyFilesBuildPhase section */
		7706593E2ADFA770001DF16B /* Embed Foundation Extensions */ = {
			isa = PBXCopyFilesBuildPhase;
			buildActionMask = 2147483647;
			dstPath = "";
			dstSubfolderSpec = 13;
			files = (
				7706594F2ADFBBC3001DF16B /* UserInteractionWidgetIntents.appex in Embed Foundation Extensions */,
				7706593D2ADFA770001DF16B /* UserInteractionWidgetTestExtension.appex in Embed Foundation Extensions */,
			);
			name = "Embed Foundation Extensions";
			runOnlyForDeploymentPostprocessing = 0;
		};
/* End PBXCopyFilesBuildPhase section */

/* Begin PBXFileReference section */
		4D8753BA786A4359D2010598 /* Pods_UserInteractiveWidget.framework */ = {isa = PBXFileReference; explicitFileType = wrapper.framework; includeInIndex = 0; path = Pods_UserInteractiveWidget.framework; sourceTree = BUILT_PRODUCTS_DIR; };
		655F4785F55B7D8F8BABA732 /* Pods-UserInteractiveWidget.debug.xcconfig */ = {isa = PBXFileReference; includeInIndex = 1; lastKnownFileType = text.xcconfig; name = "Pods-UserInteractiveWidget.debug.xcconfig"; path = "Target Support Files/Pods-UserInteractiveWidget/Pods-UserInteractiveWidget.debug.xcconfig"; sourceTree = "<group>"; };
		7706590E2ADFA02C001DF16B /* UserInteractiveWidget.app */ = {isa = PBXFileReference; explicitFileType = wrapper.application; includeInIndex = 0; path = UserInteractiveWidget.app; sourceTree = BUILT_PRODUCTS_DIR; };
		770659112ADFA02C001DF16B /* AppDelegate.swift */ = {isa = PBXFileReference; lastKnownFileType = sourcecode.swift; path = AppDelegate.swift; sourceTree = "<group>"; };
		770659132ADFA02C001DF16B /* SceneDelegate.swift */ = {isa = PBXFileReference; lastKnownFileType = sourcecode.swift; path = SceneDelegate.swift; sourceTree = "<group>"; };
		770659152ADFA02C001DF16B /* ViewController.swift */ = {isa = PBXFileReference; lastKnownFileType = sourcecode.swift; path = ViewController.swift; sourceTree = "<group>"; };
		770659182ADFA02C001DF16B /* Base */ = {isa = PBXFileReference; lastKnownFileType = file.storyboard; name = Base; path = Base.lproj/Main.storyboard; sourceTree = "<group>"; };
		7706591A2ADFA02D001DF16B /* Assets.xcassets */ = {isa = PBXFileReference; lastKnownFileType = folder.assetcatalog; path = Assets.xcassets; sourceTree = "<group>"; };
		7706591D2ADFA02D001DF16B /* Base */ = {isa = PBXFileReference; lastKnownFileType = file.storyboard; name = Base; path = Base.lproj/LaunchScreen.storyboard; sourceTree = "<group>"; };
		7706591F2ADFA02D001DF16B /* Info.plist */ = {isa = PBXFileReference; lastKnownFileType = text.plist.xml; path = Info.plist; sourceTree = "<group>"; };
		770659292ADFA76E001DF16B /* UserInteractionWidgetTestExtension.appex */ = {isa = PBXFileReference; explicitFileType = "wrapper.app-extension"; includeInIndex = 0; path = UserInteractionWidgetTestExtension.appex; sourceTree = BUILT_PRODUCTS_DIR; };
		7706592A2ADFA76E001DF16B /* WidgetKit.framework */ = {isa = PBXFileReference; lastKnownFileType = wrapper.framework; name = WidgetKit.framework; path = System/Library/Frameworks/WidgetKit.framework; sourceTree = SDKROOT; };
		7706592C2ADFA76E001DF16B /* SwiftUI.framework */ = {isa = PBXFileReference; lastKnownFileType = wrapper.framework; name = SwiftUI.framework; path = System/Library/Frameworks/SwiftUI.framework; sourceTree = SDKROOT; };
		7706592F2ADFA76E001DF16B /* UserInteractionWidgetTestBundle.swift */ = {isa = PBXFileReference; lastKnownFileType = sourcecode.swift; path = UserInteractionWidgetTestBundle.swift; sourceTree = "<group>"; };
		770659312ADFA76E001DF16B /* UserInteractionWidgetTestLiveActivity.swift */ = {isa = PBXFileReference; lastKnownFileType = sourcecode.swift; path = UserInteractionWidgetTestLiveActivity.swift; sourceTree = "<group>"; };
		770659332ADFA76E001DF16B /* UserInteractionWidgetTest.swift */ = {isa = PBXFileReference; lastKnownFileType = sourcecode.swift; path = UserInteractionWidgetTest.swift; sourceTree = "<group>"; };
		770659352ADFA76E001DF16B /* UserInteractionWidgetTest.intentdefinition */ = {isa = PBXFileReference; lastKnownFileType = file.intentdefinition; path = UserInteractionWidgetTest.intentdefinition; sourceTree = "<group>"; };
		770659362ADFA770001DF16B /* Assets.xcassets */ = {isa = PBXFileReference; lastKnownFileType = folder.assetcatalog; path = Assets.xcassets; sourceTree = "<group>"; };
		770659382ADFA770001DF16B /* Info.plist */ = {isa = PBXFileReference; lastKnownFileType = text.plist.xml; path = Info.plist; sourceTree = "<group>"; };
		770659462ADFBBC3001DF16B /* UserInteractionWidgetIntents.appex */ = {isa = PBXFileReference; explicitFileType = "wrapper.app-extension"; includeInIndex = 0; path = UserInteractionWidgetIntents.appex; sourceTree = BUILT_PRODUCTS_DIR; };
		770659472ADFBBC3001DF16B /* Intents.framework */ = {isa = PBXFileReference; lastKnownFileType = wrapper.framework; name = Intents.framework; path = System/Library/Frameworks/Intents.framework; sourceTree = SDKROOT; };
		7706594A2ADFBBC3001DF16B /* IntentHandler.swift */ = {isa = PBXFileReference; lastKnownFileType = sourcecode.swift; path = IntentHandler.swift; sourceTree = "<group>"; };
		7706594C2ADFBBC3001DF16B /* Info.plist */ = {isa = PBXFileReference; lastKnownFileType = text.plist.xml; path = Info.plist; sourceTree = "<group>"; };
		FDA2175011D3BEC6E46B4948 /* Pods-UserInteractiveWidget.release.xcconfig */ = {isa = PBXFileReference; includeInIndex = 1; lastKnownFileType = text.xcconfig; name = "Pods-UserInteractiveWidget.release.xcconfig"; path = "Target Support Files/Pods-UserInteractiveWidget/Pods-UserInteractiveWidget.release.xcconfig"; sourceTree = "<group>"; };
/* End PBXFileReference section */

/* Begin PBXFrameworksBuildPhase section */
		7706590B2ADFA02C001DF16B /* Frameworks */ = {
			isa = PBXFrameworksBuildPhase;
			buildActionMask = 2147483647;
			files = (
				DFC760719AA4BD7B9398EC85 /* Pods_UserInteractiveWidget.framework in Frameworks */,
			);
			runOnlyForDeploymentPostprocessing = 0;
		};
		770659262ADFA76E001DF16B /* Frameworks */ = {
			isa = PBXFrameworksBuildPhase;
			buildActionMask = 2147483647;
			files = (
				7706592D2ADFA76E001DF16B /* SwiftUI.framework in Frameworks */,
				7706592B2ADFA76E001DF16B /* WidgetKit.framework in Frameworks */,
			);
			runOnlyForDeploymentPostprocessing = 0;
		};
		770659432ADFBBC3001DF16B /* Frameworks */ = {
			isa = PBXFrameworksBuildPhase;
			buildActionMask = 2147483647;
			files = (
				770659482ADFBBC3001DF16B /* Intents.framework in Frameworks */,
			);
			runOnlyForDeploymentPostprocessing = 0;
		};
/* End PBXFrameworksBuildPhase section */

/* Begin PBXGroup section */
		770659052ADFA02B001DF16B = {
			isa = PBXGroup;
			children = (
				770659102ADFA02C001DF16B /* UserInteractiveWidget */,
				7706592E2ADFA76E001DF16B /* UserInteractionWidgetTest */,
				770659492ADFBBC3001DF16B /* UserInteractionWidgetIntents */,
				7706590F2ADFA02C001DF16B /* Products */,
				8103E7D8CA27D04D3B8043C4 /* Pods */,
				FF56ED1B43B5122DD832CFC7 /* Frameworks */,
			);
			sourceTree = "<group>";
		};
		7706590F2ADFA02C001DF16B /* Products */ = {
			isa = PBXGroup;
			children = (
				7706590E2ADFA02C001DF16B /* UserInteractiveWidget.app */,
				770659292ADFA76E001DF16B /* UserInteractionWidgetTestExtension.appex */,
				770659462ADFBBC3001DF16B /* UserInteractionWidgetIntents.appex */,
			);
			name = Products;
			sourceTree = "<group>";
		};
		770659102ADFA02C001DF16B /* UserInteractiveWidget */ = {
			isa = PBXGroup;
			children = (
				770659112ADFA02C001DF16B /* AppDelegate.swift */,
				770659132ADFA02C001DF16B /* SceneDelegate.swift */,
				770659152ADFA02C001DF16B /* ViewController.swift */,
				770659172ADFA02C001DF16B /* Main.storyboard */,
				7706591A2ADFA02D001DF16B /* Assets.xcassets */,
				7706591C2ADFA02D001DF16B /* LaunchScreen.storyboard */,
				7706591F2ADFA02D001DF16B /* Info.plist */,
			);
			path = UserInteractiveWidget;
			sourceTree = "<group>";
		};
		7706592E2ADFA76E001DF16B /* UserInteractionWidgetTest */ = {
			isa = PBXGroup;
			children = (
				7706592F2ADFA76E001DF16B /* UserInteractionWidgetTestBundle.swift */,
				770659312ADFA76E001DF16B /* UserInteractionWidgetTestLiveActivity.swift */,
				770659332ADFA76E001DF16B /* UserInteractionWidgetTest.swift */,
				770659352ADFA76E001DF16B /* UserInteractionWidgetTest.intentdefinition */,
				770659362ADFA770001DF16B /* Assets.xcassets */,
				770659382ADFA770001DF16B /* Info.plist */,
			);
			path = UserInteractionWidgetTest;
			sourceTree = "<group>";
		};
		770659492ADFBBC3001DF16B /* UserInteractionWidgetIntents */ = {
			isa = PBXGroup;
			children = (
				7706594A2ADFBBC3001DF16B /* IntentHandler.swift */,
				7706594C2ADFBBC3001DF16B /* Info.plist */,
			);
			path = UserInteractionWidgetIntents;
			sourceTree = "<group>";
		};
		8103E7D8CA27D04D3B8043C4 /* Pods */ = {
			isa = PBXGroup;
			children = (
				655F4785F55B7D8F8BABA732 /* Pods-UserInteractiveWidget.debug.xcconfig */,
				FDA2175011D3BEC6E46B4948 /* Pods-UserInteractiveWidget.release.xcconfig */,
			);
			path = Pods;
			sourceTree = "<group>";
		};
		FF56ED1B43B5122DD832CFC7 /* Frameworks */ = {
			isa = PBXGroup;
			children = (
				4D8753BA786A4359D2010598 /* Pods_UserInteractiveWidget.framework */,
				7706592A2ADFA76E001DF16B /* WidgetKit.framework */,
				7706592C2ADFA76E001DF16B /* SwiftUI.framework */,
				770659472ADFBBC3001DF16B /* Intents.framework */,
			);
			name = Frameworks;
			sourceTree = "<group>";
		};
/* End PBXGroup section */

/* Begin PBXNativeTarget section */
		7706590D2ADFA02C001DF16B /* UserInteractiveWidget */ = {
			isa = PBXNativeTarget;
			buildConfigurationList = 770659222ADFA02D001DF16B /* Build configuration list for PBXNativeTarget "UserInteractiveWidget" */;
			buildPhases = (
				19184FB8073375CBDAF11EFB /* [CP] Check Pods Manifest.lock */,
				7706590A2ADFA02C001DF16B /* Sources */,
				7706590B2ADFA02C001DF16B /* Frameworks */,
				7706590C2ADFA02C001DF16B /* Resources */,
				5216F963395F82688A1C49AE /* [CP] Embed Pods Frameworks */,
				7706593E2ADFA770001DF16B /* Embed Foundation Extensions */,
			);
			buildRules = (
			);
			dependencies = (
				7706593C2ADFA770001DF16B /* PBXTargetDependency */,
				7706594E2ADFBBC3001DF16B /* PBXTargetDependency */,
			);
			name = UserInteractiveWidget;
			productName = UserInteractiveWidget;
			productReference = 7706590E2ADFA02C001DF16B /* UserInteractiveWidget.app */;
			productType = "com.apple.product-type.application";
		};
		770659282ADFA76E001DF16B /* UserInteractionWidgetTestExtension */ = {
			isa = PBXNativeTarget;
			buildConfigurationList = 770659412ADFA770001DF16B /* Build configuration list for PBXNativeTarget "UserInteractionWidgetTestExtension" */;
			buildPhases = (
				770659252ADFA76E001DF16B /* Sources */,
				770659262ADFA76E001DF16B /* Frameworks */,
				770659272ADFA76E001DF16B /* Resources */,
			);
			buildRules = (
			);
			dependencies = (
			);
			name = UserInteractionWidgetTestExtension;
			productName = UserInteractionWidgetTestExtension;
			productReference = 770659292ADFA76E001DF16B /* UserInteractionWidgetTestExtension.appex */;
			productType = "com.apple.product-type.app-extension";
		};
		770659452ADFBBC3001DF16B /* UserInteractionWidgetIntents */ = {
			isa = PBXNativeTarget;
			buildConfigurationList = 770659502ADFBBC3001DF16B /* Build configuration list for PBXNativeTarget "UserInteractionWidgetIntents" */;
			buildPhases = (
				770659422ADFBBC3001DF16B /* Sources */,
				770659432ADFBBC3001DF16B /* Frameworks */,
				770659442ADFBBC3001DF16B /* Resources */,
			);
			buildRules = (
			);
			dependencies = (
			);
			name = UserInteractionWidgetIntents;
			productName = UserInteractionWidgetIntents;
			productReference = 770659462ADFBBC3001DF16B /* UserInteractionWidgetIntents.appex */;
			productType = "com.apple.product-type.app-extension";
		};
/* End PBXNativeTarget section */

/* Begin PBXProject section */
		770659062ADFA02B001DF16B /* Project object */ = {
			isa = PBXProject;
			attributes = {
				BuildIndependentTargetsInParallel = 1;
				LastSwiftUpdateCheck = 1420;
				LastUpgradeCheck = 1420;
				TargetAttributes = {
					7706590D2ADFA02C001DF16B = {
						CreatedOnToolsVersion = 14.2;
					};
					770659282ADFA76E001DF16B = {
						CreatedOnToolsVersion = 14.2;
					};
					770659452ADFBBC3001DF16B = {
						CreatedOnToolsVersion = 14.2;
					};
				};
			};
			buildConfigurationList = 770659092ADFA02B001DF16B /* Build configuration list for PBXProject "UserInteractiveWidget" */;
			compatibilityVersion = "Xcode 14.0";
			developmentRegion = en;
			hasScannedForEncodings = 0;
			knownRegions = (
				en,
				Base,
			);
			mainGroup = 770659052ADFA02B001DF16B;
			productRefGroup = 7706590F2ADFA02C001DF16B /* Products */;
			projectDirPath = "";
			projectRoot = "";
			targets = (
				7706590D2ADFA02C001DF16B /* UserInteractiveWidget */,
				770659282ADFA76E001DF16B /* UserInteractionWidgetTestExtension */,
				770659452ADFBBC3001DF16B /* UserInteractionWidgetIntents */,
			);
		};
/* End PBXProject section */

/* Begin PBXResourcesBuildPhase section */
		7706590C2ADFA02C001DF16B /* Resources */ = {
			isa = PBXResourcesBuildPhase;
			buildActionMask = 2147483647;
			files = (
				7706591E2ADFA02D001DF16B /* LaunchScreen.storyboard in Resources */,
				7706591B2ADFA02D001DF16B /* Assets.xcassets in Resources */,
				770659192ADFA02C001DF16B /* Main.storyboard in Resources */,
			);
			runOnlyForDeploymentPostprocessing = 0;
		};
		770659272ADFA76E001DF16B /* Resources */ = {
			isa = PBXResourcesBuildPhase;
			buildActionMask = 2147483647;
			files = (
				770659372ADFA770001DF16B /* Assets.xcassets in Resources */,
			);
			runOnlyForDeploymentPostprocessing = 0;
		};
		770659442ADFBBC3001DF16B /* Resources */ = {
			isa = PBXResourcesBuildPhase;
			buildActionMask = 2147483647;
			files = (
			);
			runOnlyForDeploymentPostprocessing = 0;
		};
/* End PBXResourcesBuildPhase section */

/* Begin PBXShellScriptBuildPhase section */
		19184FB8073375CBDAF11EFB /* [CP] Check Pods Manifest.lock */ = {
			isa = PBXShellScriptBuildPhase;
			buildActionMask = 2147483647;
			files = (
			);
			inputFileListPaths = (
			);
			inputPaths = (
				"${PODS_PODFILE_DIR_PATH}/Podfile.lock",
				"${PODS_ROOT}/Manifest.lock",
			);
			name = "[CP] Check Pods Manifest.lock";
			outputFileListPaths = (
			);
			outputPaths = (
				"$(DERIVED_FILE_DIR)/Pods-UserInteractiveWidget-checkManifestLockResult.txt",
			);
			runOnlyForDeploymentPostprocessing = 0;
			shellPath = /bin/sh;
			shellScript = "diff \"${PODS_PODFILE_DIR_PATH}/Podfile.lock\" \"${PODS_ROOT}/Manifest.lock\" > /dev/null\nif [ $? != 0 ] ; then\n    # print error to STDERR\n    echo \"error: The sandbox is not in sync with the Podfile.lock. Run 'pod install' or update your CocoaPods installation.\" >&2\n    exit 1\nfi\n# This output is used by Xcode 'outputs' to avoid re-running this script phase.\necho \"SUCCESS\" > \"${SCRIPT_OUTPUT_FILE_0}\"\n";
			showEnvVarsInLog = 0;
		};
		5216F963395F82688A1C49AE /* [CP] Embed Pods Frameworks */ = {
			isa = PBXShellScriptBuildPhase;
			buildActionMask = 2147483647;
			files = (
			);
			inputFileListPaths = (
				"${PODS_ROOT}/Target Support Files/Pods-UserInteractiveWidget/Pods-UserInteractiveWidget-frameworks-${CONFIGURATION}-input-files.xcfilelist",
			);
			name = "[CP] Embed Pods Frameworks";
			outputFileListPaths = (
				"${PODS_ROOT}/Target Support Files/Pods-UserInteractiveWidget/Pods-UserInteractiveWidget-frameworks-${CONFIGURATION}-output-files.xcfilelist",
			);
			runOnlyForDeploymentPostprocessing = 0;
			shellPath = /bin/sh;
			shellScript = "\"${PODS_ROOT}/Target Support Files/Pods-UserInteractiveWidget/Pods-UserInteractiveWidget-frameworks.sh\"\n";
			showEnvVarsInLog = 0;
		};
/* End PBXShellScriptBuildPhase section */

/* Begin PBXSourcesBuildPhase section */
		7706590A2ADFA02C001DF16B /* Sources */ = {
			isa = PBXSourcesBuildPhase;
			buildActionMask = 2147483647;
			files = (
				770659162ADFA02C001DF16B /* ViewController.swift in Sources */,
				770659122ADFA02C001DF16B /* AppDelegate.swift in Sources */,
				7706593A2ADFA770001DF16B /* UserInteractionWidgetTest.intentdefinition in Sources */,
				770659142ADFA02C001DF16B /* SceneDelegate.swift in Sources */,
			);
			runOnlyForDeploymentPostprocessing = 0;
		};
		770659252ADFA76E001DF16B /* Sources */ = {
			isa = PBXSourcesBuildPhase;
			buildActionMask = 2147483647;
			files = (
				770659322ADFA76E001DF16B /* UserInteractionWidgetTestLiveActivity.swift in Sources */,
				770659542ADFC037001DF16B /* IntentHandler.swift in Sources */,
				770659342ADFA76E001DF16B /* UserInteractionWidgetTest.swift in Sources */,
				770659392ADFA770001DF16B /* UserInteractionWidgetTest.intentdefinition in Sources */,
				770659302ADFA76E001DF16B /* UserInteractionWidgetTestBundle.swift in Sources */,
			);
			runOnlyForDeploymentPostprocessing = 0;
		};
		770659422ADFBBC3001DF16B /* Sources */ = {
			isa = PBXSourcesBuildPhase;
			buildActionMask = 2147483647;
			files = (
				770659532ADFBBF4001DF16B /* UserInteractionWidgetTest.intentdefinition in Sources */,
				7706594B2ADFBBC3001DF16B /* IntentHandler.swift in Sources */,
			);
			runOnlyForDeploymentPostprocessing = 0;
		};
/* End PBXSourcesBuildPhase section */

/* Begin PBXTargetDependency section */
		7706593C2ADFA770001DF16B /* PBXTargetDependency */ = {
			isa = PBXTargetDependency;
			target = 770659282ADFA76E001DF16B /* UserInteractionWidgetTestExtension */;
			targetProxy = 7706593B2ADFA770001DF16B /* PBXContainerItemProxy */;
		};
		7706594E2ADFBBC3001DF16B /* PBXTargetDependency */ = {
			isa = PBXTargetDependency;
			target = 770659452ADFBBC3001DF16B /* UserInteractionWidgetIntents */;
			targetProxy = 7706594D2ADFBBC3001DF16B /* PBXContainerItemProxy */;
		};
/* End PBXTargetDependency section */

/* Begin PBXVariantGroup section */
		770659172ADFA02C001DF16B /* Main.storyboard */ = {
			isa = PBXVariantGroup;
			children = (
				770659182ADFA02C001DF16B /* Base */,
			);
			name = Main.storyboard;
			sourceTree = "<group>";
		};
		7706591C2ADFA02D001DF16B /* LaunchScreen.storyboard */ = {
			isa = PBXVariantGroup;
			children = (
				7706591D2ADFA02D001DF16B /* Base */,
			);
			name = LaunchScreen.storyboard;
			sourceTree = "<group>";
		};
/* End PBXVariantGroup section */

/* Begin XCBuildConfiguration section */
		770659202ADFA02D001DF16B /* Debug */ = {
			isa = XCBuildConfiguration;
			buildSettings = {
				ALWAYS_SEARCH_USER_PATHS = NO;
				CLANG_ANALYZER_NONNULL = YES;
				CLANG_ANALYZER_NUMBER_OBJECT_CONVERSION = YES_AGGRESSIVE;
				CLANG_CXX_LANGUAGE_STANDARD = "gnu++20";
				CLANG_ENABLE_MODULES = YES;
				CLANG_ENABLE_OBJC_ARC = YES;
				CLANG_ENABLE_OBJC_WEAK = YES;
				CLANG_WARN_BLOCK_CAPTURE_AUTORELEASING = YES;
				CLANG_WARN_BOOL_CONVERSION = YES;
				CLANG_WARN_COMMA = YES;
				CLANG_WARN_CONSTANT_CONVERSION = YES;
				CLANG_WARN_DEPRECATED_OBJC_IMPLEMENTATIONS = YES;
				CLANG_WARN_DIRECT_OBJC_ISA_USAGE = YES_ERROR;
				CLANG_WARN_DOCUMENTATION_COMMENTS = YES;
				CLANG_WARN_EMPTY_BODY = YES;
				CLANG_WARN_ENUM_CONVERSION = YES;
				CLANG_WARN_INFINITE_RECURSION = YES;
				CLANG_WARN_INT_CONVERSION = YES;
				CLANG_WARN_NON_LITERAL_NULL_CONVERSION = YES;
				CLANG_WARN_OBJC_IMPLICIT_RETAIN_SELF = YES;
				CLANG_WARN_OBJC_LITERAL_CONVERSION = YES;
				CLANG_WARN_OBJC_ROOT_CLASS = YES_ERROR;
				CLANG_WARN_QUOTED_INCLUDE_IN_FRAMEWORK_HEADER = YES;
				CLANG_WARN_RANGE_LOOP_ANALYSIS = YES;
				CLANG_WARN_STRICT_PROTOTYPES = YES;
				CLANG_WARN_SUSPICIOUS_MOVE = YES;
				CLANG_WARN_UNGUARDED_AVAILABILITY = YES_AGGRESSIVE;
				CLANG_WARN_UNREACHABLE_CODE = YES;
				CLANG_WARN__DUPLICATE_METHOD_MATCH = YES;
				COPY_PHASE_STRIP = NO;
				DEBUG_INFORMATION_FORMAT = dwarf;
				ENABLE_STRICT_OBJC_MSGSEND = YES;
				ENABLE_TESTABILITY = YES;
				GCC_C_LANGUAGE_STANDARD = gnu11;
				GCC_DYNAMIC_NO_PIC = NO;
				GCC_NO_COMMON_BLOCKS = YES;
				GCC_OPTIMIZATION_LEVEL = 0;
				GCC_PREPROCESSOR_DEFINITIONS = (
					"DEBUG=1",
					"$(inherited)",
				);
				GCC_WARN_64_TO_32_BIT_CONVERSION = YES;
				GCC_WARN_ABOUT_RETURN_TYPE = YES_ERROR;
				GCC_WARN_UNDECLARED_SELECTOR = YES;
				GCC_WARN_UNINITIALIZED_AUTOS = YES_AGGRESSIVE;
				GCC_WARN_UNUSED_FUNCTION = YES;
				GCC_WARN_UNUSED_VARIABLE = YES;
				IPHONEOS_DEPLOYMENT_TARGET = 16.2;
				MTL_ENABLE_DEBUG_INFO = INCLUDE_SOURCE;
				MTL_FAST_MATH = YES;
				ONLY_ACTIVE_ARCH = YES;
				SDKROOT = iphoneos;
				SWIFT_ACTIVE_COMPILATION_CONDITIONS = DEBUG;
				SWIFT_OPTIMIZATION_LEVEL = "-Onone";
			};
			name = Debug;
		};
		770659212ADFA02D001DF16B /* Release */ = {
			isa = XCBuildConfiguration;
			buildSettings = {
				ALWAYS_SEARCH_USER_PATHS = NO;
				CLANG_ANALYZER_NONNULL = YES;
				CLANG_ANALYZER_NUMBER_OBJECT_CONVERSION = YES_AGGRESSIVE;
				CLANG_CXX_LANGUAGE_STANDARD = "gnu++20";
				CLANG_ENABLE_MODULES = YES;
				CLANG_ENABLE_OBJC_ARC = YES;
				CLANG_ENABLE_OBJC_WEAK = YES;
				CLANG_WARN_BLOCK_CAPTURE_AUTORELEASING = YES;
				CLANG_WARN_BOOL_CONVERSION = YES;
				CLANG_WARN_COMMA = YES;
				CLANG_WARN_CONSTANT_CONVERSION = YES;
				CLANG_WARN_DEPRECATED_OBJC_IMPLEMENTATIONS = YES;
				CLANG_WARN_DIRECT_OBJC_ISA_USAGE = YES_ERROR;
				CLANG_WARN_DOCUMENTATION_COMMENTS = YES;
				CLANG_WARN_EMPTY_BODY = YES;
				CLANG_WARN_ENUM_CONVERSION = YES;
				CLANG_WARN_INFINITE_RECURSION = YES;
				CLANG_WARN_INT_CONVERSION = YES;
				CLANG_WARN_NON_LITERAL_NULL_CONVERSION = YES;
				CLANG_WARN_OBJC_IMPLICIT_RETAIN_SELF = YES;
				CLANG_WARN_OBJC_LITERAL_CONVERSION = YES;
				CLANG_WARN_OBJC_ROOT_CLASS = YES_ERROR;
				CLANG_WARN_QUOTED_INCLUDE_IN_FRAMEWORK_HEADER = YES;
				CLANG_WARN_RANGE_LOOP_ANALYSIS = YES;
				CLANG_WARN_STRICT_PROTOTYPES = YES;
				CLANG_WARN_SUSPICIOUS_MOVE = YES;
				CLANG_WARN_UNGUARDED_AVAILABILITY = YES_AGGRESSIVE;
				CLANG_WARN_UNREACHABLE_CODE = YES;
				CLANG_WARN__DUPLICATE_METHOD_MATCH = YES;
				COPY_PHASE_STRIP = NO;
				DEBUG_INFORMATION_FORMAT = "dwarf-with-dsym";
				ENABLE_NS_ASSERTIONS = NO;
				ENABLE_STRICT_OBJC_MSGSEND = YES;
				GCC_C_LANGUAGE_STANDARD = gnu11;
				GCC_NO_COMMON_BLOCKS = YES;
				GCC_WARN_64_TO_32_BIT_CONVERSION = YES;
				GCC_WARN_ABOUT_RETURN_TYPE = YES_ERROR;
				GCC_WARN_UNDECLARED_SELECTOR = YES;
				GCC_WARN_UNINITIALIZED_AUTOS = YES_AGGRESSIVE;
				GCC_WARN_UNUSED_FUNCTION = YES;
				GCC_WARN_UNUSED_VARIABLE = YES;
				IPHONEOS_DEPLOYMENT_TARGET = 16.2;
				MTL_ENABLE_DEBUG_INFO = NO;
				MTL_FAST_MATH = YES;
				SDKROOT = iphoneos;
				SWIFT_COMPILATION_MODE = wholemodule;
				SWIFT_OPTIMIZATION_LEVEL = "-O";
				VALIDATE_PRODUCT = YES;
			};
			name = Release;
		};
		770659232ADFA02D001DF16B /* Debug */ = {
			isa = XCBuildConfiguration;
			baseConfigurationReference = 655F4785F55B7D8F8BABA732 /* Pods-UserInteractiveWidget.debug.xcconfig */;
			buildSettings = {
				ALWAYS_EMBED_SWIFT_STANDARD_LIBRARIES = YES;
				ASSETCATALOG_COMPILER_APPICON_NAME = AppIcon;
				ASSETCATALOG_COMPILER_GLOBAL_ACCENT_COLOR_NAME = AccentColor;
				CODE_SIGN_STYLE = Automatic;
				CURRENT_PROJECT_VERSION = 1;
				GENERATE_INFOPLIST_FILE = YES;
				INFOPLIST_FILE = UserInteractiveWidget/Info.plist;
				INFOPLIST_KEY_UIApplicationSupportsIndirectInputEvents = YES;
				INFOPLIST_KEY_UILaunchStoryboardName = LaunchScreen;
				INFOPLIST_KEY_UIMainStoryboardFile = Main;
				INFOPLIST_KEY_UISupportedInterfaceOrientations_iPad = "UIInterfaceOrientationPortrait UIInterfaceOrientationPortraitUpsideDown UIInterfaceOrientationLandscapeLeft UIInterfaceOrientationLandscapeRight";
				INFOPLIST_KEY_UISupportedInterfaceOrientations_iPhone = "UIInterfaceOrientationPortrait UIInterfaceOrientationLandscapeLeft UIInterfaceOrientationLandscapeRight";
				LD_RUNPATH_SEARCH_PATHS = (
					"$(inherited)",
					"@executable_path/Frameworks",
				);
				MARKETING_VERSION = 1.0;
				PRODUCT_BUNDLE_IDENTIFIER = mundaragi.UserInteractiveWidget;
				PRODUCT_NAME = "$(TARGET_NAME)";
				SWIFT_EMIT_LOC_STRINGS = YES;
				SWIFT_VERSION = 5.0;
				TARGETED_DEVICE_FAMILY = "1,2";
			};
			name = Debug;
		};
		770659242ADFA02D001DF16B /* Release */ = {
			isa = XCBuildConfiguration;
			baseConfigurationReference = FDA2175011D3BEC6E46B4948 /* Pods-UserInteractiveWidget.release.xcconfig */;
			buildSettings = {
				ALWAYS_EMBED_SWIFT_STANDARD_LIBRARIES = YES;
				ASSETCATALOG_COMPILER_APPICON_NAME = AppIcon;
				ASSETCATALOG_COMPILER_GLOBAL_ACCENT_COLOR_NAME = AccentColor;
				CODE_SIGN_STYLE = Automatic;
				CURRENT_PROJECT_VERSION = 1;
				GENERATE_INFOPLIST_FILE = YES;
				INFOPLIST_FILE = UserInteractiveWidget/Info.plist;
				INFOPLIST_KEY_UIApplicationSupportsIndirectInputEvents = YES;
				INFOPLIST_KEY_UILaunchStoryboardName = LaunchScreen;
				INFOPLIST_KEY_UIMainStoryboardFile = Main;
				INFOPLIST_KEY_UISupportedInterfaceOrientations_iPad = "UIInterfaceOrientationPortrait UIInterfaceOrientationPortraitUpsideDown UIInterfaceOrientationLandscapeLeft UIInterfaceOrientationLandscapeRight";
				INFOPLIST_KEY_UISupportedInterfaceOrientations_iPhone = "UIInterfaceOrientationPortrait UIInterfaceOrientationLandscapeLeft UIInterfaceOrientationLandscapeRight";
				LD_RUNPATH_SEARCH_PATHS = (
					"$(inherited)",
					"@executable_path/Frameworks",
				);
				MARKETING_VERSION = 1.0;
				PRODUCT_BUNDLE_IDENTIFIER = mundaragi.UserInteractiveWidget;
				PRODUCT_NAME = "$(TARGET_NAME)";
				SWIFT_EMIT_LOC_STRINGS = YES;
				SWIFT_VERSION = 5.0;
				TARGETED_DEVICE_FAMILY = "1,2";
			};
			name = Release;
		};
		7706593F2ADFA770001DF16B /* Debug */ = {
			isa = XCBuildConfiguration;
			buildSettings = {
				ASSETCATALOG_COMPILER_GLOBAL_ACCENT_COLOR_NAME = AccentColor;
				ASSETCATALOG_COMPILER_WIDGET_BACKGROUND_COLOR_NAME = WidgetBackground;
				CODE_SIGN_STYLE = Automatic;
				CURRENT_PROJECT_VERSION = 1;
				GENERATE_INFOPLIST_FILE = YES;
				INFOPLIST_FILE = UserInteractionWidgetTest/Info.plist;
				INFOPLIST_KEY_CFBundleDisplayName = UserInteractionWidgetTest;
				INFOPLIST_KEY_NSHumanReadableCopyright = "";
				LD_RUNPATH_SEARCH_PATHS = (
					"$(inherited)",
					"@executable_path/Frameworks",
					"@executable_path/../../Frameworks",
				);
				MARKETING_VERSION = 1.0;
				PRODUCT_BUNDLE_IDENTIFIER = mundaragi.UserInteractiveWidget.UserInteractionWidgetTest;
				PRODUCT_NAME = "$(TARGET_NAME)";
				SKIP_INSTALL = YES;
				SWIFT_EMIT_LOC_STRINGS = YES;
				SWIFT_VERSION = 5.0;
				TARGETED_DEVICE_FAMILY = "1,2";
			};
			name = Debug;
		};
		770659402ADFA770001DF16B /* Release */ = {
			isa = XCBuildConfiguration;
			buildSettings = {
				ASSETCATALOG_COMPILER_GLOBAL_ACCENT_COLOR_NAME = AccentColor;
				ASSETCATALOG_COMPILER_WIDGET_BACKGROUND_COLOR_NAME = WidgetBackground;
				CODE_SIGN_STYLE = Automatic;
				CURRENT_PROJECT_VERSION = 1;
				GENERATE_INFOPLIST_FILE = YES;
				INFOPLIST_FILE = UserInteractionWidgetTest/Info.plist;
				INFOPLIST_KEY_CFBundleDisplayName = UserInteractionWidgetTest;
				INFOPLIST_KEY_NSHumanReadableCopyright = "";
				LD_RUNPATH_SEARCH_PATHS = (
					"$(inherited)",
					"@executable_path/Frameworks",
					"@executable_path/../../Frameworks",
				);
				MARKETING_VERSION = 1.0;
				PRODUCT_BUNDLE_IDENTIFIER = mundaragi.UserInteractiveWidget.UserInteractionWidgetTest;
				PRODUCT_NAME = "$(TARGET_NAME)";
				SKIP_INSTALL = YES;
				SWIFT_EMIT_LOC_STRINGS = YES;
				SWIFT_VERSION = 5.0;
				TARGETED_DEVICE_FAMILY = "1,2";
			};
			name = Release;
		};
		770659512ADFBBC3001DF16B /* Debug */ = {
			isa = XCBuildConfiguration;
			buildSettings = {
				CODE_SIGN_STYLE = Automatic;
				CURRENT_PROJECT_VERSION = 1;
				GENERATE_INFOPLIST_FILE = YES;
				INFOPLIST_FILE = UserInteractionWidgetIntents/Info.plist;
				INFOPLIST_KEY_CFBundleDisplayName = UserInteractionWidgetIntents;
				INFOPLIST_KEY_NSHumanReadableCopyright = "";
				LD_RUNPATH_SEARCH_PATHS = (
					"$(inherited)",
					"@executable_path/Frameworks",
					"@executable_path/../../Frameworks",
				);
				MARKETING_VERSION = 1.0;
				PRODUCT_BUNDLE_IDENTIFIER = mundaragi.UserInteractiveWidget.UserInteractionWidgetIntents;
				PRODUCT_NAME = "$(TARGET_NAME)";
				SKIP_INSTALL = YES;
				SWIFT_EMIT_LOC_STRINGS = YES;
				SWIFT_VERSION = 5.0;
				TARGETED_DEVICE_FAMILY = "1,2";
			};
			name = Debug;
		};
		770659522ADFBBC3001DF16B /* Release */ = {
			isa = XCBuildConfiguration;
			buildSettings = {
				CODE_SIGN_STYLE = Automatic;
				CURRENT_PROJECT_VERSION = 1;
				GENERATE_INFOPLIST_FILE = YES;
				INFOPLIST_FILE = UserInteractionWidgetIntents/Info.plist;
				INFOPLIST_KEY_CFBundleDisplayName = UserInteractionWidgetIntents;
				INFOPLIST_KEY_NSHumanReadableCopyright = "";
				LD_RUNPATH_SEARCH_PATHS = (
					"$(inherited)",
					"@executable_path/Frameworks",
					"@executable_path/../../Frameworks",
				);
				MARKETING_VERSION = 1.0;
				PRODUCT_BUNDLE_IDENTIFIER = mundaragi.UserInteractiveWidget.UserInteractionWidgetIntents;
				PRODUCT_NAME = "$(TARGET_NAME)";
				SKIP_INSTALL = YES;
				SWIFT_EMIT_LOC_STRINGS = YES;
				SWIFT_VERSION = 5.0;
				TARGETED_DEVICE_FAMILY = "1,2";
			};
			name = Release;
		};
/* End XCBuildConfiguration section */

/* Begin XCConfigurationList section */
		770659092ADFA02B001DF16B /* Build configuration list for PBXProject "UserInteractiveWidget" */ = {
			isa = XCConfigurationList;
			buildConfigurations = (
				770659202ADFA02D001DF16B /* Debug */,
				770659212ADFA02D001DF16B /* Release */,
			);
			defaultConfigurationIsVisible = 0;
			defaultConfigurationName = Release;
		};
		770659222ADFA02D001DF16B /* Build configuration list for PBXNativeTarget "UserInteractiveWidget" */ = {
			isa = XCConfigurationList;
			buildConfigurations = (
				770659232ADFA02D001DF16B /* Debug */,
				770659242ADFA02D001DF16B /* Release */,
			);
			defaultConfigurationIsVisible = 0;
			defaultConfigurationName = Release;
		};
		770659412ADFA770001DF16B /* Build configuration list for PBXNativeTarget "UserInteractionWidgetTestExtension" */ = {
			isa = XCConfigurationList;
			buildConfigurations = (
				7706593F2ADFA770001DF16B /* Debug */,
				770659402ADFA770001DF16B /* Release */,
			);
			defaultConfigurationIsVisible = 0;
			defaultConfigurationName = Release;
		};
		770659502ADFBBC3001DF16B /* Build configuration list for PBXNativeTarget "UserInteractionWidgetIntents" */ = {
			isa = XCConfigurationList;
			buildConfigurations = (
				770659512ADFBBC3001DF16B /* Debug */,
				770659522ADFBBC3001DF16B /* Release */,
			);
			defaultConfigurationIsVisible = 0;
			defaultConfigurationName = Release;
		};
/* End XCConfigurationList section */
	};
	rootObject = 770659062ADFA02B001DF16B /* Project object */;
}
